{
  "originHash" : "b485bcaa2934ecb85d2c0c02c57fc54ff006db054eed5a2ee6466b5f3d8dcafc",
  "pins" : [
    {
      "identity" : "hqx",
      "kind" : "remoteSourceControl",
      "location" : "https://github.com/jarrodnorwell/HQx",
      "state" : {
        "branch" : "main",
        "revision" : "8ebedfb78c8dcb3f7abd103afa807a964aa22c11"
      }
    },
    {
      "identity" : "openssl",
      "kind" : "remoteSourceControl",
      "location" : "https://github.com/krzyzanowskim/OpenSSL",
      "state" : {
        "revision" : "84a8ae774291a4ab1971e42908d5114d98d4b623",
        "version" : "3.1.5004"
      }
    },
    {
      "identity" : "swiftsdl2",
      "kind" : "remoteSourceControl",
      "location" : "https://github.com/ctreffs/SwiftSDL2",
      "state" : {
        "revision" : "30a2886bd68e43fc19ba29b63ffe230ac0e4db7a",
        "version" : "1.4.1"
      }
    },
    {
      "identity" : "xbrz",
      "kind" : "remoteSourceControl",
      "location" : "https://github.com/jarrodnorwell/xBRZ",
      "state" : {
        "branch" : "main",
        "revision" : "6e5e334ed20cd18f2e7e77603fe43ef8352b89ef"
      }
    },
    {
      "identity" : "zipfoundation",
      "kind" : "remoteSourceControl",
      "location" : "https://github.com/weichsel/ZIPFoundation",
      "state" : {
        "revision" : "02b6abe5f6eef7e3cbd5f247c5cc24e246efcfe0",
        "version" : "0.9.19"
      }
    },
    {
      "identity" : "zstd",
      "kind" : "remoteSourceControl",
      "location" : "https://github.com/facebook/zstd",
      "state" : {
        "branch" : "dev",
        "revision" : "17b531501670781f37fc3e5070a29eede09bca3b"
      }
    }
  ],
  "version" : 3
}
