{
  "originHash" : "9fe53643043c11436746ae34b0d440277b84faa354a094d0d2665c8c0837e0b8",
  "pins" : [
    {
      "identity" : "antiquekit",
      "kind" : "remoteSourceControl",
      "location" : "https://github.com/jarrodnorwell/AntiqueKit",
      "state" : {
        "branch" : "main",
        "revision" : "967a0cf68e329ec99a771fe47ff92a36c80acf2d"
      }
    },
    {
      "identity" : "openssl",
      "kind" : "remoteSourceControl",
      "location" : "https://github.com/krzyzanowskim/OpenSSL",
      "state" : {
        "branch" : "main",
        "revision" : "fdc9231384f37f053dffe058fd6dfc6c5072dae5"
      }
    },
    {
      "identity" : "plzmasdk",
      "kind" : "remoteSourceControl",
      "location" : "https://github.com/jarrodnorwell/PLzmaSDK",
      "state" : {
        "branch" : "master",
        "revision" : "c69ff6acb4df788885cc4865d46e1a442e6f50a5"
      }
    },
    {
      "identity" : "tpcircularbuffer",
      "kind" : "remoteSourceControl",
      "location" : "https://github.com/jarrodnorwell/TPCircularBuffer",
      "state" : {
        "branch" : "master",
        "revision" : "cd1a84e64decf2c3624dd31c5618d6ffdecdbe83"
      }
    },
    {
      "identity" : "zstd",
      "kind" : "remoteSourceControl",
      "location" : "https://github.com/jarrodnorwell/zstd",
      "state" : {
        "branch" : "dev",
        "revision" : "9baae4431585740983318801beff0a7ae4494291"
      }
    }
  ],
  "version" : 3
}
